github.com/gobwas/glob v0.2.3 h1:A4xDbljILXROh+kObIiy5kIaPYD8e96x1tgBhUI5J+Y=
github.com/gobwas/glob v0.2.3/go.mod h1:d3Ez4x06l9bZtSvzIay5+Yzi0fmZzPgnTbPcKjJAkT8=
github.com/sgreben/flagvar v0.0.0-20200103140453-77ac8eec431f h1:s1n/BFAfq4gMiEf9RV4aqb3wYCn6pbHQVz4HzgVwjJY=
github.com/sgreben/flagvar v0.0.0-20200103140453-77ac8eec431f/go.mod h1:Fb8FciZ5gk6PpUehj6eK5oGIbvYB0DXsYXtsqSJcFbk=
